
Microsoft Visual Studio Solution File, Format Version 12.00
# Visual Studio Version 17
VisualStudioVersion = 17.3.32901.215
MinimumVisualStudioVersion = 10.0.40219.1
Project("{FAE04EC0-301F-11D3-BF4B-00C04F79EFBC}") = "Specifications", "Specifications\Specifications.csproj", "{2212BDFE-684E-4166-8483-EC576EE1CD45}"
EndProject
Project("{FAE04EC0-301F-11D3-BF4B-00C04F79EFBC}") = "ChuckNorris.Web.Tests", "ChuckNorris.Web.Tests\ChuckNorris.Web.Tests.csproj", "{93A9D186-FF20-4956-8E0A-F2A47A35AE07}"
EndProject
Project("{FAE04EC0-301F-11D3-BF4B-00C04F79EFBC}") = "ChuckNorris.RestApi.Tests", "ChuckNorris.RestApi.Tests\ChuckNorris.RestApi.Tests.csproj", "{9CB1F6F9-8670-4183-87C3-D290C1D21CD6}"
EndProject
Project("{2150E333-8FDC-42A3-9474-1A3956D46DE8}") = "Solution Items", "Solution Items", "{FAE42D3C-A42C-45DC-BA1D-6C96E57A7EBA}"
	ProjectSection(SolutionItems) = preProject
		README.md = README.md
	EndProjectSection
EndProject
Global
	GlobalSection(SolutionConfigurationPlatforms) = preSolution
		Debug|Any CPU = Debug|Any CPU
		Release|Any CPU = Release|Any CPU
	EndGlobalSection
	GlobalSection(ProjectConfigurationPlatforms) = postSolution
		{2212BDFE-684E-4166-8483-EC576EE1CD45}.Debug|Any CPU.ActiveCfg = Debug|Any CPU
		{2212BDFE-684E-4166-8483-EC576EE1CD45}.Debug|Any CPU.Build.0 = Debug|Any CPU
		{2212BDFE-684E-4166-8483-EC576EE1CD45}.Release|Any CPU.ActiveCfg = Release|Any CPU
		{2212BDFE-684E-4166-8483-EC576EE1CD45}.Release|Any CPU.Build.0 = Release|Any CPU
		{93A9D186-FF20-4956-8E0A-F2A47A35AE07}.Debug|Any CPU.ActiveCfg = Debug|Any CPU
		{93A9D186-FF20-4956-8E0A-F2A47A35AE07}.Debug|Any CPU.Build.0 = Debug|Any CPU
		{93A9D186-FF20-4956-8E0A-F2A47A35AE07}.Release|Any CPU.ActiveCfg = Release|Any CPU
		{93A9D186-FF20-4956-8E0A-F2A47A35AE07}.Release|Any CPU.Build.0 = Release|Any CPU
		{9CB1F6F9-8670-4183-87C3-D290C1D21CD6}.Debug|Any CPU.ActiveCfg = Debug|Any CPU
		{9CB1F6F9-8670-4183-87C3-D290C1D21CD6}.Debug|Any CPU.Build.0 = Debug|Any CPU
		{9CB1F6F9-8670-4183-87C3-D290C1D21CD6}.Release|Any CPU.ActiveCfg = Release|Any CPU
		{9CB1F6F9-8670-4183-87C3-D290C1D21CD6}.Release|Any CPU.Build.0 = Release|Any CPU
	EndGlobalSection
	GlobalSection(SolutionProperties) = preSolution
		HideSolutionNode = FALSE
	EndGlobalSection
	GlobalSection(ExtensibilityGlobals) = postSolution
		SolutionGuid = {C04917D0-D382-48BE-9DAA-A23B18E07BA3}
	EndGlobalSection
EndGlobal
